
Microsoft Visual Studio Solution File, Format Version 12.00
# Visual Studio Version 16
VisualStudioVersion = 16.0.30413.136
MinimumVisualStudioVersion = 10.0.40219.1
Project("{FAE04EC0-301F-11D3-BF4B-00C04F79EFBC}") = "CustomExcelOperations", "CustomExcelOperations.csproj", "{CC67B92E-3ECC-43EC-95E0-7E00F3DFA28A}"
EndProject
Project("{FAE04EC0-301F-11D3-BF4B-00C04F79EFBC}") = "TestingLib", "..\TestingLib\TestingLib.csproj", "{500E2570-B5C7-4A2A-AD5F-D0A7C79088A5}"
EndProject
Project("{2150E333-8FDC-42A3-9474-1A3956D46DE8}") = "Solution Items", "Solution Items", "{AF847D53-0082-4FB4-BE52-AC0F78EC4C8C}"
EndProject
Global
	GlobalSection(SolutionConfigurationPlatforms) = preSolution
		Debug|Any CPU = Debug|Any CPU
		Release|Any CPU = Release|Any CPU
	EndGlobalSection
	GlobalSection(ProjectConfigurationPlatforms) = postSolution
		{CC67B92E-3ECC-43EC-95E0-7E00F3DFA28A}.Debug|Any CPU.ActiveCfg = Debug|Any CPU
		{CC67B92E-3ECC-43EC-95E0-7E00F3DFA28A}.Debug|Any CPU.Build.0 = Debug|Any CPU
		{CC67B92E-3ECC-43EC-95E0-7E00F3DFA28A}.Release|Any CPU.ActiveCfg = Release|Any CPU
		{CC67B92E-3ECC-43EC-95E0-7E00F3DFA28A}.Release|Any CPU.Build.0 = Release|Any CPU
		{500E2570-B5C7-4A2A-AD5F-D0A7C79088A5}.Debug|Any CPU.ActiveCfg = Debug|Any CPU
		{500E2570-B5C7-4A2A-AD5F-D0A7C79088A5}.Debug|Any CPU.Build.0 = Debug|Any CPU
		{500E2570-B5C7-4A2A-AD5F-D0A7C79088A5}.Release|Any CPU.ActiveCfg = Release|Any CPU
		{500E2570-B5C7-4A2A-AD5F-D0A7C79088A5}.Release|Any CPU.Build.0 = Release|Any CPU
	EndGlobalSection
	GlobalSection(SolutionProperties) = preSolution
		HideSolutionNode = FALSE
	EndGlobalSection
	GlobalSection(ExtensibilityGlobals) = postSolution
		SolutionGuid = {149023E1-4C75-4608-8450-E69828068B1C}
	EndGlobalSection
EndGlobal
